// !$*UTF8*$!
{
	archiveVersion = 1;
	classes = {
	};
	objectVersion = 46;
	objects = {

/* Begin PBXBuildFile section */
		64ABBC8615E91A7200667B60 /* Construct.xcdatamodeld in Sources */ = {isa = PBXBuildFile; fileRef = 64ABBC8415E91A7200667B60 /* Construct.xcdatamodeld */; };
		64ABBC8815E91A7F00667B60 /* CoreData.framework in Frameworks */ = {isa = PBXBuildFile; fileRef = 64ABBC8715E91A7F00667B60 /* CoreData.framework */; };
		64ABBC8B15E91F8C00667B60 /* ActivityTag.m in Sources */ = {isa = PBXBuildFile; fileRef = 64ABBC8A15E91F8C00667B60 /* ActivityTag.m */; };
		64ABBC8E15E91F9800667B60 /* Goal.m in Sources */ = {isa = PBXBuildFile; fileRef = 64ABBC8D15E91F9800667B60 /* Goal.m */; };
		64ABBC9115E91F9800667B60 /* Activity.m in Sources */ = {isa = PBXBuildFile; fileRef = 64ABBC9015E91F9800667B60 /* Activity.m */; };
		64ABBC9415E91F9800667B60 /* Category.m in Sources */ = {isa = PBXBuildFile; fileRef = 64ABBC9315E91F9800667B60 /* Category.m */; };
		64ABBCAD15E9213F00667B60 /* CoreDataManager.m in Sources */ = {isa = PBXBuildFile; fileRef = 64ABBCAC15E9212B00667B60 /* CoreDataManager.m */; };
		64ABBCAE15E9214200667B60 /* CoreDataManager+Helper.m in Sources */ = {isa = PBXBuildFile; fileRef = 64ABBCAA15E9210100667B60 /* CoreDataManager+Helper.m */; };
		64ABBCB415E92FB400667B60 /* default_Construct.sqlite in Resources */ = {isa = PBXBuildFile; fileRef = 64ABBCB315E92FB400667B60 /* default_Construct.sqlite */; };
		64ABBCBC15E93F1600667B60 /* ActivityListViewController.m in Sources */ = {isa = PBXBuildFile; fileRef = 64ABBCBB15E93F1600667B60 /* ActivityListViewController.m */; };
		64ABBCBF15E93F2700667B60 /* ActivityEditViewController.m in Sources */ = {isa = PBXBuildFile; fileRef = 64ABBCBE15E93F2700667B60 /* ActivityEditViewController.m */; };
		64ABBCC315E93F6000667B60 /* Activity+Helper.m in Sources */ = {isa = PBXBuildFile; fileRef = 64ABBCC215E93F6000667B60 /* Activity+Helper.m */; };
		64ABBCDA15E940D100667B60 /* Goal+Helper.m in Sources */ = {isa = PBXBuildFile; fileRef = 64ABBCD915E940D100667B60 /* Goal+Helper.m */; };
		64ABBCDD15E940E400667B60 /* Category+Helper.m in Sources */ = {isa = PBXBuildFile; fileRef = 64ABBCDC15E940E400667B60 /* Category+Helper.m */; };
		64ABBCE115E9487600667B60 /* Activity.storyboard in Resources */ = {isa = PBXBuildFile; fileRef = 64ABBCE015E9487600667B60 /* Activity.storyboard */; };
		D2A0506015E93252001F9936 /* GoalListViewController.m in Sources */ = {isa = PBXBuildFile; fileRef = D2A0505F15E93252001F9936 /* GoalListViewController.m */; };
		D2A0506315E93CDC001F9936 /* GoalEditViewController.m in Sources */ = {isa = PBXBuildFile; fileRef = D2A0506215E93CDC001F9936 /* GoalEditViewController.m */; };
		EF25E6E515E9170400BDB7C0 /* UIKit.framework in Frameworks */ = {isa = PBXBuildFile; fileRef = EF25E6E415E9170400BDB7C0 /* UIKit.framework */; };
		EF25E6E715E9170400BDB7C0 /* Foundation.framework in Frameworks */ = {isa = PBXBuildFile; fileRef = EF25E6E615E9170400BDB7C0 /* Foundation.framework */; };
		EF25E6E915E9170400BDB7C0 /* CoreGraphics.framework in Frameworks */ = {isa = PBXBuildFile; fileRef = EF25E6E815E9170400BDB7C0 /* CoreGraphics.framework */; };
		EF25E6EF15E9170400BDB7C0 /* InfoPlist.strings in Resources */ = {isa = PBXBuildFile; fileRef = EF25E6ED15E9170400BDB7C0 /* InfoPlist.strings */; };
		EF25E6F115E9170400BDB7C0 /* main.m in Sources */ = {isa = PBXBuildFile; fileRef = EF25E6F015E9170400BDB7C0 /* main.m */; };
		EF25E6F515E9170400BDB7C0 /* GCAppDelegate.m in Sources */ = {isa = PBXBuildFile; fileRef = EF25E6F415E9170400BDB7C0 /* GCAppDelegate.m */; };
		EF25E6F815E9170400BDB7C0 /* MainStoryboard.storyboard in Resources */ = {isa = PBXBuildFile; fileRef = EF25E6F615E9170400BDB7C0 /* MainStoryboard.storyboard */; };
		EF25E6FB15E9170400BDB7C0 /* GCViewController.m in Sources */ = {isa = PBXBuildFile; fileRef = EF25E6FA15E9170400BDB7C0 /* GCViewController.m */; };
		EF25E70415E9196900BDB7C0 /* backgroundTile.png in Resources */ = {isa = PBXBuildFile; fileRef = EF25E70215E9196900BDB7C0 /* backgroundTile.png */; };
		EF25E70515E9196900BDB7C0 /* backgroundTile@2x.png in Resources */ = {isa = PBXBuildFile; fileRef = EF25E70315E9196900BDB7C0 /* backgroundTile@2x.png */; };
		EF25E70B15E91E6200BDB7C0 /* GoalView.m in Sources */ = {isa = PBXBuildFile; fileRef = EF25E70A15E91E6200BDB7C0 /* GoalView.m */; };
		EF25E71115E921B700BDB7C0 /* QuartzCore.framework in Frameworks */ = {isa = PBXBuildFile; fileRef = EF25E71015E921B700BDB7C0 /* QuartzCore.framework */; };
		EF25E71815E9321200BDB7C0 /* Road.m in Sources */ = {isa = PBXBuildFile; fileRef = EF25E71715E9321200BDB7C0 /* Road.m */; };
		EFFDEE0615E956A60067F854 /* road.png in Resources */ = {isa = PBXBuildFile; fileRef = EFFDEE0415E956A60067F854 /* road.png */; };
		EFFDEE0715E956A60067F854 /* road@2x.png in Resources */ = {isa = PBXBuildFile; fileRef = EFFDEE0515E956A60067F854 /* road@2x.png */; };
		EFFDEE1D15E964660067F854 /* window1.png in Resources */ = {isa = PBXBuildFile; fileRef = EFFDEE1915E964660067F854 /* window1.png */; };
		EFFDEE1E15E964660067F854 /* window1@2x.png in Resources */ = {isa = PBXBuildFile; fileRef = EFFDEE1A15E964660067F854 /* window1@2x.png */; };
		EFFDEE1F15E964660067F854 /* window2.png in Resources */ = {isa = PBXBuildFile; fileRef = EFFDEE1B15E964660067F854 /* window2.png */; };
		EFFDEE2015E964660067F854 /* window2@2x.png in Resources */ = {isa = PBXBuildFile; fileRef = EFFDEE1C15E964660067F854 /* window2@2x.png */; };
/* End PBXBuildFile section */

/* Begin PBXFileReference section */
		64ABBC8515E91A7200667B60 /* Construct.xcdatamodel */ = {isa = PBXFileReference; lastKnownFileType = wrapper.xcdatamodel; path = Construct.xcdatamodel; sourceTree = "<group>"; };
		64ABBC8715E91A7F00667B60 /* CoreData.framework */ = {isa = PBXFileReference; lastKnownFileType = wrapper.framework; name = CoreData.framework; path = System/Library/Frameworks/CoreData.framework; sourceTree = SDKROOT; };
		64ABBC8915E91F8C00667B60 /* ActivityTag.h */ = {isa = PBXFileReference; fileEncoding = 4; lastKnownFileType = sourcecode.c.h; path = ActivityTag.h; sourceTree = "<group>"; };
		64ABBC8A15E91F8C00667B60 /* ActivityTag.m */ = {isa = PBXFileReference; fileEncoding = 4; lastKnownFileType = sourcecode.c.objc; path = ActivityTag.m; sourceTree = "<group>"; };
		64ABBC8C15E91F9800667B60 /* Goal.h */ = {isa = PBXFileReference; fileEncoding = 4; lastKnownFileType = sourcecode.c.h; name = Goal.h; path = ../Goal.h; sourceTree = "<group>"; };
		64ABBC8D15E91F9800667B60 /* Goal.m */ = {isa = PBXFileReference; fileEncoding = 4; lastKnownFileType = sourcecode.c.objc; name = Goal.m; path = ../Goal.m; sourceTree = "<group>"; };
		64ABBC8F15E91F9800667B60 /* Activity.h */ = {isa = PBXFileReference; fileEncoding = 4; lastKnownFileType = sourcecode.c.h; name = Activity.h; path = ../Activity.h; sourceTree = "<group>"; };
		64ABBC9015E91F9800667B60 /* Activity.m */ = {isa = PBXFileReference; fileEncoding = 4; lastKnownFileType = sourcecode.c.objc; name = Activity.m; path = ../Activity.m; sourceTree = "<group>"; };
		64ABBC9215E91F9800667B60 /* Category.h */ = {isa = PBXFileReference; fileEncoding = 4; lastKnownFileType = sourcecode.c.h; name = Category.h; path = ../Category.h; sourceTree = "<group>"; };
		64ABBC9315E91F9800667B60 /* Category.m */ = {isa = PBXFileReference; fileEncoding = 4; lastKnownFileType = sourcecode.c.objc; name = Category.m; path = ../Category.m; sourceTree = "<group>"; };
		64ABBCA915E9210100667B60 /* CoreDataManager+Helper.h */ = {isa = PBXFileReference; lastKnownFileType = sourcecode.c.h; path = "CoreDataManager+Helper.h"; sourceTree = "<group>"; };
		64ABBCAA15E9210100667B60 /* CoreDataManager+Helper.m */ = {isa = PBXFileReference; lastKnownFileType = sourcecode.c.objc; path = "CoreDataManager+Helper.m"; sourceTree = "<group>"; };
		64ABBCAB15E9212B00667B60 /* CoreDataManager.h */ = {isa = PBXFileReference; lastKnownFileType = sourcecode.c.h; path = CoreDataManager.h; sourceTree = "<group>"; };
		64ABBCAC15E9212B00667B60 /* CoreDataManager.m */ = {isa = PBXFileReference; lastKnownFileType = sourcecode.c.objc; path = CoreDataManager.m; sourceTree = "<group>"; };
		64ABBCB315E92FB400667B60 /* default_Construct.sqlite */ = {isa = PBXFileReference; lastKnownFileType = file; path = default_Construct.sqlite; sourceTree = "<group>"; };
		64ABBCBA15E93F1600667B60 /* ActivityListViewController.h */ = {isa = PBXFileReference; fileEncoding = 4; lastKnownFileType = sourcecode.c.h; path = ActivityListViewController.h; sourceTree = "<group>"; };
		64ABBCBB15E93F1600667B60 /* ActivityListViewController.m */ = {isa = PBXFileReference; fileEncoding = 4; lastKnownFileType = sourcecode.c.objc; path = ActivityListViewController.m; sourceTree = "<group>"; };
		64ABBCBD15E93F2700667B60 /* ActivityEditViewController.h */ = {isa = PBXFileReference; fileEncoding = 4; lastKnownFileType = sourcecode.c.h; path = ActivityEditViewController.h; sourceTree = "<group>"; };
		64ABBCBE15E93F2700667B60 /* ActivityEditViewController.m */ = {isa = PBXFileReference; fileEncoding = 4; lastKnownFileType = sourcecode.c.objc; path = ActivityEditViewController.m; sourceTree = "<group>"; };
		64ABBCC115E93F6000667B60 /* Activity+Helper.h */ = {isa = PBXFileReference; fileEncoding = 4; lastKnownFileType = sourcecode.c.h; path = "Activity+Helper.h"; sourceTree = "<group>"; };
		64ABBCC215E93F6000667B60 /* Activity+Helper.m */ = {isa = PBXFileReference; fileEncoding = 4; lastKnownFileType = sourcecode.c.objc; path = "Activity+Helper.m"; sourceTree = "<group>"; };
		64ABBCD815E940D100667B60 /* Goal+Helper.h */ = {isa = PBXFileReference; fileEncoding = 4; lastKnownFileType = sourcecode.c.h; path = "Goal+Helper.h"; sourceTree = "<group>"; };
		64ABBCD915E940D100667B60 /* Goal+Helper.m */ = {isa = PBXFileReference; fileEncoding = 4; lastKnownFileType = sourcecode.c.objc; path = "Goal+Helper.m"; sourceTree = "<group>"; };
		64ABBCDB15E940E400667B60 /* Category+Helper.h */ = {isa = PBXFileReference; fileEncoding = 4; lastKnownFileType = sourcecode.c.h; path = "Category+Helper.h"; sourceTree = "<group>"; };
		64ABBCDC15E940E400667B60 /* Category+Helper.m */ = {isa = PBXFileReference; fileEncoding = 4; lastKnownFileType = sourcecode.c.objc; path = "Category+Helper.m"; sourceTree = "<group>"; };
		64ABBCDE15E942B000667B60 /* ModelHeaders.h */ = {isa = PBXFileReference; lastKnownFileType = sourcecode.c.h; path = ModelHeaders.h; sourceTree = "<group>"; };
		64ABBCDF15E942E300667B60 /* GCAppConstants.h */ = {isa = PBXFileReference; lastKnownFileType = sourcecode.c.h; path = GCAppConstants.h; sourceTree = "<group>"; };
		64ABBCE015E9487600667B60 /* Activity.storyboard */ = {isa = PBXFileReference; fileEncoding = 4; lastKnownFileType = file.storyboard; path = Activity.storyboard; sourceTree = "<group>"; };
		D2A0505E15E93252001F9936 /* GoalListViewController.h */ = {isa = PBXFileReference; fileEncoding = 4; lastKnownFileType = sourcecode.c.h; path = GoalListViewController.h; sourceTree = "<group>"; };
		D2A0505F15E93252001F9936 /* GoalListViewController.m */ = {isa = PBXFileReference; fileEncoding = 4; lastKnownFileType = sourcecode.c.objc; path = GoalListViewController.m; sourceTree = "<group>"; };
		D2A0506115E93CDC001F9936 /* GoalEditViewController.h */ = {isa = PBXFileReference; fileEncoding = 4; lastKnownFileType = sourcecode.c.h; path = GoalEditViewController.h; sourceTree = "<group>"; };
		D2A0506215E93CDC001F9936 /* GoalEditViewController.m */ = {isa = PBXFileReference; fileEncoding = 4; lastKnownFileType = sourcecode.c.objc; path = GoalEditViewController.m; sourceTree = "<group>"; };
		EF25E6E015E9170400BDB7C0 /* Construct.app */ = {isa = PBXFileReference; explicitFileType = wrapper.application; includeInIndex = 0; path = Construct.app; sourceTree = BUILT_PRODUCTS_DIR; };
		EF25E6E415E9170400BDB7C0 /* UIKit.framework */ = {isa = PBXFileReference; lastKnownFileType = wrapper.framework; name = UIKit.framework; path = System/Library/Frameworks/UIKit.framework; sourceTree = SDKROOT; };
		EF25E6E615E9170400BDB7C0 /* Foundation.framework */ = {isa = PBXFileReference; lastKnownFileType = wrapper.framework; name = Foundation.framework; path = System/Library/Frameworks/Foundation.framework; sourceTree = SDKROOT; };
		EF25E6E815E9170400BDB7C0 /* CoreGraphics.framework */ = {isa = PBXFileReference; lastKnownFileType = wrapper.framework; name = CoreGraphics.framework; path = System/Library/Frameworks/CoreGraphics.framework; sourceTree = SDKROOT; };
		EF25E6EC15E9170400BDB7C0 /* Construct-Info.plist */ = {isa = PBXFileReference; lastKnownFileType = text.plist.xml; path = "Construct-Info.plist"; sourceTree = "<group>"; };
		EF25E6EE15E9170400BDB7C0 /* en */ = {isa = PBXFileReference; lastKnownFileType = text.plist.strings; name = en; path = en.lproj/InfoPlist.strings; sourceTree = "<group>"; };
		EF25E6F015E9170400BDB7C0 /* main.m */ = {isa = PBXFileReference; lastKnownFileType = sourcecode.c.objc; path = main.m; sourceTree = "<group>"; };
		EF25E6F215E9170400BDB7C0 /* Construct-Prefix.pch */ = {isa = PBXFileReference; lastKnownFileType = sourcecode.c.h; path = "Construct-Prefix.pch"; sourceTree = "<group>"; };
		EF25E6F315E9170400BDB7C0 /* GCAppDelegate.h */ = {isa = PBXFileReference; lastKnownFileType = sourcecode.c.h; path = GCAppDelegate.h; sourceTree = "<group>"; };
		EF25E6F415E9170400BDB7C0 /* GCAppDelegate.m */ = {isa = PBXFileReference; lastKnownFileType = sourcecode.c.objc; path = GCAppDelegate.m; sourceTree = "<group>"; };
		EF25E6F715E9170400BDB7C0 /* en */ = {isa = PBXFileReference; lastKnownFileType = file.storyboard; name = en; path = en.lproj/MainStoryboard.storyboard; sourceTree = "<group>"; };
		EF25E6F915E9170400BDB7C0 /* GCViewController.h */ = {isa = PBXFileReference; lastKnownFileType = sourcecode.c.h; path = GCViewController.h; sourceTree = "<group>"; };
		EF25E6FA15E9170400BDB7C0 /* GCViewController.m */ = {isa = PBXFileReference; lastKnownFileType = sourcecode.c.objc; path = GCViewController.m; sourceTree = "<group>"; };
		EF25E70215E9196900BDB7C0 /* backgroundTile.png */ = {isa = PBXFileReference; lastKnownFileType = image.png; path = backgroundTile.png; sourceTree = "<group>"; };
		EF25E70315E9196900BDB7C0 /* backgroundTile@2x.png */ = {isa = PBXFileReference; lastKnownFileType = image.png; path = "backgroundTile@2x.png"; sourceTree = "<group>"; };
		EF25E70915E91E6200BDB7C0 /* GoalView.h */ = {isa = PBXFileReference; fileEncoding = 4; lastKnownFileType = sourcecode.c.h; path = GoalView.h; sourceTree = "<group>"; };
		EF25E70A15E91E6200BDB7C0 /* GoalView.m */ = {isa = PBXFileReference; fileEncoding = 4; lastKnownFileType = sourcecode.c.objc; path = GoalView.m; sourceTree = "<group>"; };
		EF25E71015E921B700BDB7C0 /* QuartzCore.framework */ = {isa = PBXFileReference; lastKnownFileType = wrapper.framework; name = QuartzCore.framework; path = System/Library/Frameworks/QuartzCore.framework; sourceTree = SDKROOT; };
		EF25E71615E9321200BDB7C0 /* Road.h */ = {isa = PBXFileReference; fileEncoding = 4; lastKnownFileType = sourcecode.c.h; path = Road.h; sourceTree = "<group>"; };
		EF25E71715E9321200BDB7C0 /* Road.m */ = {isa = PBXFileReference; fileEncoding = 4; lastKnownFileType = sourcecode.c.objc; path = Road.m; sourceTree = "<group>"; };
		EFFDEE0415E956A60067F854 /* road.png */ = {isa = PBXFileReference; lastKnownFileType = image.png; path = road.png; sourceTree = "<group>"; };
		EFFDEE0515E956A60067F854 /* road@2x.png */ = {isa = PBXFileReference; lastKnownFileType = image.png; path = "road@2x.png"; sourceTree = "<group>"; };
		EFFDEE1915E964660067F854 /* window1.png */ = {isa = PBXFileReference; lastKnownFileType = image.png; path = window1.png; sourceTree = "<group>"; };
		EFFDEE1A15E964660067F854 /* window1@2x.png */ = {isa = PBXFileReference; lastKnownFileType = image.png; path = "window1@2x.png"; sourceTree = "<group>"; };
		EFFDEE1B15E964660067F854 /* window2.png */ = {isa = PBXFileReference; lastKnownFileType = image.png; path = window2.png; sourceTree = "<group>"; };
		EFFDEE1C15E964660067F854 /* window2@2x.png */ = {isa = PBXFileReference; lastKnownFileType = image.png; path = "window2@2x.png"; sourceTree = "<group>"; };
/* End PBXFileReference section */

/* Begin PBXFrameworksBuildPhase section */
		EF25E6DD15E9170400BDB7C0 /* Frameworks */ = {
			isa = PBXFrameworksBuildPhase;
			buildActionMask = 2147483647;
			files = (
				EF25E71115E921B700BDB7C0 /* QuartzCore.framework in Frameworks */,
				64ABBC8815E91A7F00667B60 /* CoreData.framework in Frameworks */,
				EF25E6E515E9170400BDB7C0 /* UIKit.framework in Frameworks */,
				EF25E6E715E9170400BDB7C0 /* Foundation.framework in Frameworks */,
				EF25E6E915E9170400BDB7C0 /* CoreGraphics.framework in Frameworks */,
			);
			runOnlyForDeploymentPostprocessing = 0;
		};
/* End PBXFrameworksBuildPhase section */

/* Begin PBXGroup section */
		64ABBC8115E91A5700667B60 /* Application */ = {
			isa = PBXGroup;
			children = (
				64ABBCE015E9487600667B60 /* Activity.storyboard */,
				EF25E6F615E9170400BDB7C0 /* MainStoryboard.storyboard */,
				EF25E6F315E9170400BDB7C0 /* GCAppDelegate.h */,
				EF25E6F415E9170400BDB7C0 /* GCAppDelegate.m */,
				64ABBCDF15E942E300667B60 /* GCAppConstants.h */,
			);
			name = Application;
			sourceTree = "<group>";
		};
		64ABBC8315E91A5D00667B60 /* CoreData */ = {
			isa = PBXGroup;
			children = (
				64ABBCC015E93F3400667B60 /* Helpers */,
				64ABBCAB15E9212B00667B60 /* CoreDataManager.h */,
				64ABBCAC15E9212B00667B60 /* CoreDataManager.m */,
				64ABBCA915E9210100667B60 /* CoreDataManager+Helper.h */,
				64ABBCAA15E9210100667B60 /* CoreDataManager+Helper.m */,
				64ABBC8415E91A7200667B60 /* Construct.xcdatamodeld */,
				64ABBC8F15E91F9800667B60 /* Activity.h */,
				64ABBC9015E91F9800667B60 /* Activity.m */,
				64ABBC8915E91F8C00667B60 /* ActivityTag.h */,
				64ABBC8A15E91F8C00667B60 /* ActivityTag.m */,
				64ABBC9215E91F9800667B60 /* Category.h */,
				64ABBC9315E91F9800667B60 /* Category.m */,
				64ABBC8C15E91F9800667B60 /* Goal.h */,
				64ABBC8D15E91F9800667B60 /* Goal.m */,
				64ABBCDE15E942B000667B60 /* ModelHeaders.h */,
			);
			name = CoreData;
			sourceTree = "<group>";
		};
		64ABBCC015E93F3400667B60 /* Helpers */ = {
			isa = PBXGroup;
			children = (
				64ABBCC115E93F6000667B60 /* Activity+Helper.h */,
				64ABBCC215E93F6000667B60 /* Activity+Helper.m */,
				64ABBCDB15E940E400667B60 /* Category+Helper.h */,
				64ABBCDC15E940E400667B60 /* Category+Helper.m */,
				64ABBCD815E940D100667B60 /* Goal+Helper.h */,
				64ABBCD915E940D100667B60 /* Goal+Helper.m */,
			);
			name = Helpers;
			sourceTree = "<group>";
		};
		D2A0505C15E93228001F9936 /* ViewControllers */ = {
			isa = PBXGroup;
			children = (
				64ABBCBD15E93F2700667B60 /* ActivityEditViewController.h */,
				64ABBCBE15E93F2700667B60 /* ActivityEditViewController.m */,
				64ABBCBA15E93F1600667B60 /* ActivityListViewController.h */,
				64ABBCBB15E93F1600667B60 /* ActivityListViewController.m */,
				D2A0505E15E93252001F9936 /* GoalListViewController.h */,
				D2A0505F15E93252001F9936 /* GoalListViewController.m */,
				D2A0506115E93CDC001F9936 /* GoalEditViewController.h */,
				D2A0506215E93CDC001F9936 /* GoalEditViewController.m */,
			);
			name = ViewControllers;
			sourceTree = "<group>";
		};
		EF25E6D515E9170400BDB7C0 = {
			isa = PBXGroup;
			children = (
				EF25E6EA15E9170400BDB7C0 /* Construct */,
				EF25E6E315E9170400BDB7C0 /* Frameworks */,
				EF25E6E115E9170400BDB7C0 /* Products */,
			);
			sourceTree = "<group>";
		};
		EF25E6E115E9170400BDB7C0 /* Products */ = {
			isa = PBXGroup;
			children = (
				EF25E6E015E9170400BDB7C0 /* Construct.app */,
			);
			name = Products;
			sourceTree = "<group>";
		};
		EF25E6E315E9170400BDB7C0 /* Frameworks */ = {
			isa = PBXGroup;
			children = (
				EF25E71015E921B700BDB7C0 /* QuartzCore.framework */,
				64ABBC8715E91A7F00667B60 /* CoreData.framework */,
				EF25E6E415E9170400BDB7C0 /* UIKit.framework */,
				EF25E6E615E9170400BDB7C0 /* Foundation.framework */,
				EF25E6E815E9170400BDB7C0 /* CoreGraphics.framework */,
			);
			name = Frameworks;
			sourceTree = "<group>";
		};
		EF25E6EA15E9170400BDB7C0 /* Construct */ = {
			isa = PBXGroup;
			children = (
				64ABBC8115E91A5700667B60 /* Application */,
				64ABBC8315E91A5D00667B60 /* CoreData */,
				D2A0505C15E93228001F9936 /* ViewControllers */,
				EF25E6F915E9170400BDB7C0 /* GCViewController.h */,
				EF25E6FA15E9170400BDB7C0 /* GCViewController.m */,
				EF25E70915E91E6200BDB7C0 /* GoalView.h */,
				EF25E70A15E91E6200BDB7C0 /* GoalView.m */,
				EF25E71615E9321200BDB7C0 /* Road.h */,
				EF25E71715E9321200BDB7C0 /* Road.m */,
				EF25E70115E9196900BDB7C0 /* images */,
				EF25E6EB15E9170400BDB7C0 /* Supporting Files */,
			);
			path = Construct;
			sourceTree = "<group>";
		};
		EF25E6EB15E9170400BDB7C0 /* Supporting Files */ = {
			isa = PBXGroup;
			children = (
				64ABBCB315E92FB400667B60 /* default_Construct.sqlite */,
				EF25E6EC15E9170400BDB7C0 /* Construct-Info.plist */,
				EF25E6ED15E9170400BDB7C0 /* InfoPlist.strings */,
				EF25E6F015E9170400BDB7C0 /* main.m */,
				EF25E6F215E9170400BDB7C0 /* Construct-Prefix.pch */,
			);
			name = "Supporting Files";
			sourceTree = "<group>";
		};
		EF25E70115E9196900BDB7C0 /* images */ = {
			isa = PBXGroup;
			children = (
				EFFDEE0415E956A60067F854 /* road.png */,
				EFFDEE0515E956A60067F854 /* road@2x.png */,
				EFFDEE1915E964660067F854 /* window1.png */,
				EFFDEE1A15E964660067F854 /* window1@2x.png */,
				EFFDEE1B15E964660067F854 /* window2.png */,
				EFFDEE1C15E964660067F854 /* window2@2x.png */,
				EF25E70215E9196900BDB7C0 /* backgroundTile.png */,
				EF25E70315E9196900BDB7C0 /* backgroundTile@2x.png */,
			);
			path = images;
			sourceTree = "<group>";
		};
/* End PBXGroup section */

/* Begin PBXNativeTarget section */
		EF25E6DF15E9170400BDB7C0 /* Construct */ = {
			isa = PBXNativeTarget;
			buildConfigurationList = EF25E6FE15E9170400BDB7C0 /* Build configuration list for PBXNativeTarget "Construct" */;
			buildPhases = (
				EF25E6DC15E9170400BDB7C0 /* Sources */,
				EF25E6DD15E9170400BDB7C0 /* Frameworks */,
				EF25E6DE15E9170400BDB7C0 /* Resources */,
			);
			buildRules = (
			);
			dependencies = (
			);
			name = Construct;
			productName = Construct;
			productReference = EF25E6E015E9170400BDB7C0 /* Construct.app */;
			productType = "com.apple.product-type.application";
		};
/* End PBXNativeTarget section */

/* Begin PBXProject section */
		EF25E6D715E9170400BDB7C0 /* Project object */ = {
			isa = PBXProject;
			attributes = {
				CLASSPREFIX = GC;
				LastUpgradeCheck = 0440;
				ORGANIZATIONNAME = "Greenville Cocoaheads";
			};
			buildConfigurationList = EF25E6DA15E9170400BDB7C0 /* Build configuration list for PBXProject "Construct" */;
			compatibilityVersion = "Xcode 3.2";
			developmentRegion = English;
			hasScannedForEncodings = 0;
			knownRegions = (
				en,
			);
			mainGroup = EF25E6D515E9170400BDB7C0;
			productRefGroup = EF25E6E115E9170400BDB7C0 /* Products */;
			projectDirPath = "";
			projectRoot = "";
			targets = (
				EF25E6DF15E9170400BDB7C0 /* Construct */,
			);
		};
/* End PBXProject section */

/* Begin PBXResourcesBuildPhase section */
		EF25E6DE15E9170400BDB7C0 /* Resources */ = {
			isa = PBXResourcesBuildPhase;
			buildActionMask = 2147483647;
			files = (
				EF25E6EF15E9170400BDB7C0 /* InfoPlist.strings in Resources */,
				EF25E6F815E9170400BDB7C0 /* MainStoryboard.storyboard in Resources */,
				EF25E70415E9196900BDB7C0 /* backgroundTile.png in Resources */,
				EF25E70515E9196900BDB7C0 /* backgroundTile@2x.png in Resources */,
				EFFDEE0615E956A60067F854 /* road.png in Resources */,
				EFFDEE0715E956A60067F854 /* road@2x.png in Resources */,
				64ABBCB415E92FB400667B60 /* default_Construct.sqlite in Resources */,
				64ABBCE115E9487600667B60 /* Activity.storyboard in Resources */,
				EFFDEE1D15E964660067F854 /* window1.png in Resources */,
				EFFDEE1E15E964660067F854 /* window1@2x.png in Resources */,
				EFFDEE1F15E964660067F854 /* window2.png in Resources */,
				EFFDEE2015E964660067F854 /* window2@2x.png in Resources */,
			);
			runOnlyForDeploymentPostprocessing = 0;
		};
/* End PBXResourcesBuildPhase section */

/* Begin PBXSourcesBuildPhase section */
		EF25E6DC15E9170400BDB7C0 /* Sources */ = {
			isa = PBXSourcesBuildPhase;
			buildActionMask = 2147483647;
			files = (
				EF25E6F115E9170400BDB7C0 /* main.m in Sources */,
				EF25E6F515E9170400BDB7C0 /* GCAppDelegate.m in Sources */,
				EF25E6FB15E9170400BDB7C0 /* GCViewController.m in Sources */,
				EF25E70B15E91E6200BDB7C0 /* GoalView.m in Sources */,
				EF25E71815E9321200BDB7C0 /* Road.m in Sources */,
				64ABBC8615E91A7200667B60 /* Construct.xcdatamodeld in Sources */,
				64ABBC8B15E91F8C00667B60 /* ActivityTag.m in Sources */,
				64ABBC8E15E91F9800667B60 /* Goal.m in Sources */,
				64ABBC9115E91F9800667B60 /* Activity.m in Sources */,
				64ABBC9415E91F9800667B60 /* Category.m in Sources */,
				64ABBCAD15E9213F00667B60 /* CoreDataManager.m in Sources */,
				64ABBCAE15E9214200667B60 /* CoreDataManager+Helper.m in Sources */,
				D2A0506015E93252001F9936 /* GoalListViewController.m in Sources */,
				D2A0506315E93CDC001F9936 /* GoalEditViewController.m in Sources */,
				64ABBCBC15E93F1600667B60 /* ActivityListViewController.m in Sources */,
				64ABBCBF15E93F2700667B60 /* ActivityEditViewController.m in Sources */,
				64ABBCC315E93F6000667B60 /* Activity+Helper.m in Sources */,
				64ABBCDA15E940D100667B60 /* Goal+Helper.m in Sources */,
				64ABBCDD15E940E400667B60 /* Category+Helper.m in Sources */,
			);
			runOnlyForDeploymentPostprocessing = 0;
		};
/* End PBXSourcesBuildPhase section */

/* Begin PBXVariantGroup section */
		EF25E6ED15E9170400BDB7C0 /* InfoPlist.strings */ = {
			isa = PBXVariantGroup;
			children = (
				EF25E6EE15E9170400BDB7C0 /* en */,
			);
			name = InfoPlist.strings;
			sourceTree = "<group>";
		};
		EF25E6F615E9170400BDB7C0 /* MainStoryboard.storyboard */ = {
			isa = PBXVariantGroup;
			children = (
				EF25E6F715E9170400BDB7C0 /* en */,
			);
			name = MainStoryboard.storyboard;
			sourceTree = "<group>";
		};
/* End PBXVariantGroup section */

/* Begin XCBuildConfiguration section */
		EF25E6FC15E9170400BDB7C0 /* Debug */ = {
			isa = XCBuildConfiguration;
			buildSettings = {
				ALWAYS_SEARCH_USER_PATHS = NO;
				ARCHS = "$(ARCHS_STANDARD_32_BIT)";
				CLANG_CXX_LANGUAGE_STANDARD = "gnu++0x";
				CLANG_ENABLE_OBJC_ARC = YES;
				CLANG_WARN__DUPLICATE_METHOD_MATCH = YES;
				"CODE_SIGN_IDENTITY[sdk=iphoneos*]" = "iPhone Developer";
				COPY_PHASE_STRIP = NO;
				GCC_C_LANGUAGE_STANDARD = gnu99;
				GCC_DYNAMIC_NO_PIC = NO;
				GCC_OPTIMIZATION_LEVEL = 0;
				GCC_PREPROCESSOR_DEFINITIONS = (
					"DEBUG=1",
					"$(inherited)",
				);
				GCC_SYMBOLS_PRIVATE_EXTERN = NO;
				GCC_VERSION = com.apple.compilers.llvm.clang.1_0;
				GCC_WARN_ABOUT_RETURN_TYPE = YES;
				GCC_WARN_UNINITIALIZED_AUTOS = YES;
				GCC_WARN_UNUSED_VARIABLE = YES;
				IPHONEOS_DEPLOYMENT_TARGET = 5.1;
				SDKROOT = iphoneos;
				TARGETED_DEVICE_FAMILY = 2;
			};
			name = Debug;
		};
		EF25E6FD15E9170400BDB7C0 /* Release */ = {
			isa = XCBuildConfiguration;
			buildSettings = {
				ALWAYS_SEARCH_USER_PATHS = NO;
				ARCHS = "$(ARCHS_STANDARD_32_BIT)";
				CLANG_CXX_LANGUAGE_STANDARD = "gnu++0x";
				CLANG_ENABLE_OBJC_ARC = YES;
				CLANG_WARN__DUPLICATE_METHOD_MATCH = YES;
				"CODE_SIGN_IDENTITY[sdk=iphoneos*]" = "iPhone Developer";
				COPY_PHASE_STRIP = YES;
				GCC_C_LANGUAGE_STANDARD = gnu99;
				GCC_VERSION = com.apple.compilers.llvm.clang.1_0;
				GCC_WARN_ABOUT_RETURN_TYPE = YES;
				GCC_WARN_UNINITIALIZED_AUTOS = YES;
				GCC_WARN_UNUSED_VARIABLE = YES;
				IPHONEOS_DEPLOYMENT_TARGET = 5.1;
				OTHER_CFLAGS = "-DNS_BLOCK_ASSERTIONS=1";
				SDKROOT = iphoneos;
				TARGETED_DEVICE_FAMILY = 2;
				VALIDATE_PRODUCT = YES;
			};
			name = Release;
		};
		EF25E6FF15E9170400BDB7C0 /* Debug */ = {
			isa = XCBuildConfiguration;
			buildSettings = {
				GCC_PRECOMPILE_PREFIX_HEADER = YES;
				GCC_PREFIX_HEADER = "Construct/Construct-Prefix.pch";
				INFOPLIST_FILE = "Construct/Construct-Info.plist";
				PRODUCT_NAME = "$(TARGET_NAME)";
				WRAPPER_EXTENSION = app;
			};
			name = Debug;
		};
		EF25E70015E9170400BDB7C0 /* Release */ = {
			isa = XCBuildConfiguration;
			buildSettings = {
				GCC_PRECOMPILE_PREFIX_HEADER = YES;
				GCC_PREFIX_HEADER = "Construct/Construct-Prefix.pch";
				INFOPLIST_FILE = "Construct/Construct-Info.plist";
				PRODUCT_NAME = "$(TARGET_NAME)";
				WRAPPER_EXTENSION = app;
			};
			name = Release;
		};
/* End XCBuildConfiguration section */

/* Begin XCConfigurationList section */
		EF25E6DA15E9170400BDB7C0 /* Build configuration list for PBXProject "Construct" */ = {
			isa = XCConfigurationList;
			buildConfigurations = (
				EF25E6FC15E9170400BDB7C0 /* Debug */,
				EF25E6FD15E9170400BDB7C0 /* Release */,
			);
			defaultConfigurationIsVisible = 0;
			defaultConfigurationName = Release;
		};
		EF25E6FE15E9170400BDB7C0 /* Build configuration list for PBXNativeTarget "Construct" */ = {
			isa = XCConfigurationList;
			buildConfigurations = (
				EF25E6FF15E9170400BDB7C0 /* Debug */,
				EF25E70015E9170400BDB7C0 /* Release */,
			);
			defaultConfigurationIsVisible = 0;
			defaultConfigurationName = Release;
		};
/* End XCConfigurationList section */

/* Begin XCVersionGroup section */
		64ABBC8415E91A7200667B60 /* Construct.xcdatamodeld */ = {
			isa = XCVersionGroup;
			children = (
				64ABBC8515E91A7200667B60 /* Construct.xcdatamodel */,
			);
			currentVersion = 64ABBC8515E91A7200667B60 /* Construct.xcdatamodel */;
			path = Construct.xcdatamodeld;
			sourceTree = "<group>";
			versionGroupType = wrapper.xcdatamodel;
		};
/* End XCVersionGroup section */
	};
	rootObject = EF25E6D715E9170400BDB7C0 /* Project object */;
}
